
Microsoft Visual Studio Solution File, Format Version 12.00
# Visual Studio 15
VisualStudioVersion = 15.0.28307.168
MinimumVisualStudioVersion = 10.0.40219.1
Project("{9A19103F-16F7-4668-BE54-9A1E7A4F7556}") = "EmployeeManagement", "EmployeeManagement\EmployeeManagement.csproj", "{7F7CAB8C-9F93-4B3A-B9E6-EFD92A5419B4}"
EndProject
Global
	GlobalSection(SolutionConfigurationPlatforms) = preSolution
		Debug|Any CPU = Debug|Any CPU
		Release|Any CPU = Release|Any CPU
	EndGlobalSection
	GlobalSection(ProjectConfigurationPlatforms) = postSolution
		{7F7CAB8C-9F93-4B3A-B9E6-EFD92A5419B4}.Debug|Any CPU.ActiveCfg = Debug|Any CPU
		{7F7CAB8C-9F93-4B3A-B9E6-EFD92A5419B4}.Debug|Any CPU.Build.0 = Debug|Any CPU
		{7F7CAB8C-9F93-4B3A-B9E6-EFD92A5419B4}.Release|Any CPU.ActiveCfg = Release|Any CPU
		{7F7CAB8C-9F93-4B3A-B9E6-EFD92A5419B4}.Release|Any CPU.Build.0 = Release|Any CPU
	EndGlobalSection
	GlobalSection(SolutionProperties) = preSolution
		HideSolutionNode = FALSE
	EndGlobalSection
	GlobalSection(ExtensibilityGlobals) = postSolution
		SolutionGuid = {7D12E097-D86D-47D1-B98F-198968DBD2D4}
	EndGlobalSection
EndGlobal
